
Microsoft Visual Studio Solution File, Format Version 12.00
# Visual Studio 2013
VisualStudioVersion = 12.0.0.0
MinimumVisualStudioVersion = 10.0.0.1
Project("{FAE04EC0-301F-11D3-BF4B-00C04F79EFBC}") = "EventCoursingSimple", "EventCoursingSimple\EventCoursingSimple.csproj", "{100A58AE-3573-4B91-BE21-8B07278AA50C}"
EndProject
Project("{FAE04EC0-301F-11D3-BF4B-00C04F79EFBC}") = "CheckingAccountExample", "CheckingAccountExample\CheckingAccountExample.csproj", "{219CE344-27B6-4214-B4A3-EE3753A0F71B}"
EndProject
Project("{FAE04EC0-301F-11D3-BF4B-00C04F79EFBC}") = "EventCoursing", "EventCoursing\EventCoursing.csproj", "{799EDB8F-12F6-43EB-9E01-054B0D20207D}"
EndProject
Global
	GlobalSection(SolutionConfigurationPlatforms) = preSolution
		Debug|Any CPU = Debug|Any CPU
		Release|Any CPU = Release|Any CPU
	EndGlobalSection
	GlobalSection(ProjectConfigurationPlatforms) = postSolution
		{100A58AE-3573-4B91-BE21-8B07278AA50C}.Debug|Any CPU.ActiveCfg = Debug|Any CPU
		{100A58AE-3573-4B91-BE21-8B07278AA50C}.Debug|Any CPU.Build.0 = Debug|Any CPU
		{100A58AE-3573-4B91-BE21-8B07278AA50C}.Release|Any CPU.ActiveCfg = Release|Any CPU
		{100A58AE-3573-4B91-BE21-8B07278AA50C}.Release|Any CPU.Build.0 = Release|Any CPU
		{219CE344-27B6-4214-B4A3-EE3753A0F71B}.Debug|Any CPU.ActiveCfg = Debug|Any CPU
		{219CE344-27B6-4214-B4A3-EE3753A0F71B}.Debug|Any CPU.Build.0 = Debug|Any CPU
		{219CE344-27B6-4214-B4A3-EE3753A0F71B}.Release|Any CPU.ActiveCfg = Release|Any CPU
		{219CE344-27B6-4214-B4A3-EE3753A0F71B}.Release|Any CPU.Build.0 = Release|Any CPU
		{799EDB8F-12F6-43EB-9E01-054B0D20207D}.Debug|Any CPU.ActiveCfg = Debug|Any CPU
		{799EDB8F-12F6-43EB-9E01-054B0D20207D}.Debug|Any CPU.Build.0 = Debug|Any CPU
		{799EDB8F-12F6-43EB-9E01-054B0D20207D}.Release|Any CPU.ActiveCfg = Release|Any CPU
		{799EDB8F-12F6-43EB-9E01-054B0D20207D}.Release|Any CPU.Build.0 = Release|Any CPU
	EndGlobalSection
	GlobalSection(SolutionProperties) = preSolution
		HideSolutionNode = FALSE
	EndGlobalSection
EndGlobal
